
Microsoft Visual Studio Solution File, Format Version 12.00
# Visual Studio Version 17
VisualStudioVersion = 17.13.35919.96 d17.13
MinimumVisualStudioVersion = 10.0.40219.1
Project("{FAE04EC0-301F-11D3-BF4B-00C04F79EFBC}") = "PromptOptimizer.Core", "PromptOptimizer.Core\PromptOptimizer.Core.csproj", "{E40B1E4E-3D4C-4A1C-941E-630CD2FA47F8}"
EndProject
Project("{FAE04EC0-301F-11D3-BF4B-00C04F79EFBC}") = "PromptOptimizer.Infrastructure", "PromptOptimizer.Infrastructure\PromptOptimizer.Infrastructure.csproj", "{050A316F-EFA9-42CA-A218-737A0D453A6B}"
EndProject
Project("{FAE04EC0-301F-11D3-BF4B-00C04F79EFBC}") = "PromptOptimizer.Application", "PromptOptimizer.Application\PromptOptimizer.Application.csproj", "{C4C26C1E-87F1-4775-90C3-02B5057C0B03}"
EndProject
Project("{FAE04EC0-301F-11D3-BF4B-00C04F79EFBC}") = "PromptOptimizer.API", "PromptOptimizer.API\PromptOptimizer.API.csproj", "{18C28C6C-12A7-4055-BDEF-5E15C9F1B5E1}"
	ProjectSection(ProjectDependencies) = postProject
		{E40B1E4E-3D4C-4A1C-941E-630CD2FA47F8} = {E40B1E4E-3D4C-4A1C-941E-630CD2FA47F8}
	EndProjectSection
EndProject
Project("{FAE04EC0-301F-11D3-BF4B-00C04F79EFBC}") = "PromptOptimizer.Tests", "PromptOptimizer.Tests\PromptOptimizer.Tests.csproj", "{1824D54F-7E62-40D8-BFBC-C246AB8412AD}"
EndProject
Project("{2150E333-8FDC-42A3-9474-1A3956D46DE8}") = "src", "src", "{02EA681E-C7D8-13C7-8484-4AC65E1B71E8}"
EndProject
Project("{2150E333-8FDC-42A3-9474-1A3956D46DE8}") = "tests", "tests", "{2DC852EC-EAE8-4E0E-9E2F-6366925632A9}"
EndProject
Global
	GlobalSection(SolutionConfigurationPlatforms) = preSolution
		Debug|Any CPU = Debug|Any CPU
		Release|Any CPU = Release|Any CPU
	EndGlobalSection
	GlobalSection(ProjectConfigurationPlatforms) = postSolution
		{E40B1E4E-3D4C-4A1C-941E-630CD2FA47F8}.Debug|Any CPU.ActiveCfg = Debug|Any CPU
		{E40B1E4E-3D4C-4A1C-941E-630CD2FA47F8}.Debug|Any CPU.Build.0 = Debug|Any CPU
		{E40B1E4E-3D4C-4A1C-941E-630CD2FA47F8}.Release|Any CPU.ActiveCfg = Release|Any CPU
		{E40B1E4E-3D4C-4A1C-941E-630CD2FA47F8}.Release|Any CPU.Build.0 = Release|Any CPU
		{050A316F-EFA9-42CA-A218-737A0D453A6B}.Debug|Any CPU.ActiveCfg = Debug|Any CPU
		{050A316F-EFA9-42CA-A218-737A0D453A6B}.Debug|Any CPU.Build.0 = Debug|Any CPU
		{050A316F-EFA9-42CA-A218-737A0D453A6B}.Release|Any CPU.ActiveCfg = Release|Any CPU
		{050A316F-EFA9-42CA-A218-737A0D453A6B}.Release|Any CPU.Build.0 = Release|Any CPU
		{C4C26C1E-87F1-4775-90C3-02B5057C0B03}.Debug|Any CPU.ActiveCfg = Debug|Any CPU
		{C4C26C1E-87F1-4775-90C3-02B5057C0B03}.Debug|Any CPU.Build.0 = Debug|Any CPU
		{C4C26C1E-87F1-4775-90C3-02B5057C0B03}.Release|Any CPU.ActiveCfg = Release|Any CPU
		{C4C26C1E-87F1-4775-90C3-02B5057C0B03}.Release|Any CPU.Build.0 = Release|Any CPU
		{18C28C6C-12A7-4055-BDEF-5E15C9F1B5E1}.Debug|Any CPU.ActiveCfg = Debug|Any CPU
		{18C28C6C-12A7-4055-BDEF-5E15C9F1B5E1}.Debug|Any CPU.Build.0 = Debug|Any CPU
		{18C28C6C-12A7-4055-BDEF-5E15C9F1B5E1}.Release|Any CPU.ActiveCfg = Release|Any CPU
		{18C28C6C-12A7-4055-BDEF-5E15C9F1B5E1}.Release|Any CPU.Build.0 = Release|Any CPU
		{1824D54F-7E62-40D8-BFBC-C246AB8412AD}.Debug|Any CPU.ActiveCfg = Debug|Any CPU
		{1824D54F-7E62-40D8-BFBC-C246AB8412AD}.Debug|Any CPU.Build.0 = Debug|Any CPU
		{1824D54F-7E62-40D8-BFBC-C246AB8412AD}.Release|Any CPU.ActiveCfg = Release|Any CPU
		{1824D54F-7E62-40D8-BFBC-C246AB8412AD}.Release|Any CPU.Build.0 = Release|Any CPU
	EndGlobalSection
	GlobalSection(SolutionProperties) = preSolution
		HideSolutionNode = FALSE
	EndGlobalSection
	GlobalSection(NestedProjects) = preSolution
		{E40B1E4E-3D4C-4A1C-941E-630CD2FA47F8} = {02EA681E-C7D8-13C7-8484-4AC65E1B71E8}
		{050A316F-EFA9-42CA-A218-737A0D453A6B} = {02EA681E-C7D8-13C7-8484-4AC65E1B71E8}
		{C4C26C1E-87F1-4775-90C3-02B5057C0B03} = {02EA681E-C7D8-13C7-8484-4AC65E1B71E8}
		{18C28C6C-12A7-4055-BDEF-5E15C9F1B5E1} = {02EA681E-C7D8-13C7-8484-4AC65E1B71E8}
		{1824D54F-7E62-40D8-BFBC-C246AB8412AD} = {2DC852EC-EAE8-4E0E-9E2F-6366925632A9}
	EndGlobalSection
	GlobalSection(ExtensibilityGlobals) = postSolution
		SolutionGuid = {3F6B846C-54AF-4E5A-B374-7F7A4F7BB7B5}
	EndGlobalSection
EndGlobal
